
Microsoft Visual Studio Solution File, Format Version 12.00
# Visual Studio Version 17
VisualStudioVersion = 17.0.32112.339
MinimumVisualStudioVersion = 10.0.40219.1
Project("{FAE04EC0-301F-11D3-BF4B-00C04F79EFBC}") = "MetodoBurbuja", "MetodoBurbuja\MetodoBurbuja.csproj", "{B208A5E9-225A-4EB1-9C2E-DA9A58F6F5A9}"
EndProject
Global
	GlobalSection(SolutionConfigurationPlatforms) = preSolution
		Debug|Any CPU = Debug|Any CPU
		Release|Any CPU = Release|Any CPU
	EndGlobalSection
	GlobalSection(ProjectConfigurationPlatforms) = postSolution
		{B208A5E9-225A-4EB1-9C2E-DA9A58F6F5A9}.Debug|Any CPU.ActiveCfg = Debug|Any CPU
		{B208A5E9-225A-4EB1-9C2E-DA9A58F6F5A9}.Debug|Any CPU.Build.0 = Debug|Any CPU
		{B208A5E9-225A-4EB1-9C2E-DA9A58F6F5A9}.Release|Any CPU.ActiveCfg = Release|Any CPU
		{B208A5E9-225A-4EB1-9C2E-DA9A58F6F5A9}.Release|Any CPU.Build.0 = Release|Any CPU
	EndGlobalSection
	GlobalSection(SolutionProperties) = preSolution
		HideSolutionNode = FALSE
	EndGlobalSection
	GlobalSection(ExtensibilityGlobals) = postSolution
		SolutionGuid = {F4F74DD0-1F6C-4CF5-A87E-DDFCC0B95C0E}
	EndGlobalSection
EndGlobal
